// !$*UTF8*$!
{
	archiveVersion = 1;
	classes = {
	};
	objectVersion = 56;
	objects = {

/* Begin PBXBuildFile section */
		5B405EAD29699388009F465F /* AuthKeysViewController.swift in Sources */ = {isa = PBXBuildFile; fileRef = 5B405EAC29699388009F465F /* AuthKeysViewController.swift */; };
		5B498885296A920E0000C17A /* AuthModel+CoreDataClass.swift in Sources */ = {isa = PBXBuildFile; fileRef = 5B498883296A920E0000C17A /* AuthModel+CoreDataClass.swift */; };
		5B498886296A920E0000C17A /* AuthModel+CoreDataProperties.swift in Sources */ = {isa = PBXBuildFile; fileRef = 5B498884296A920E0000C17A /* AuthModel+CoreDataProperties.swift */; };
		5B49888A296A937D0000C17A /* DBHandlerProtocol.swift in Sources */ = {isa = PBXBuildFile; fileRef = 5B498889296A937D0000C17A /* DBHandlerProtocol.swift */; };
		5B49888C296A94080000C17A /* CoreDataHandler.swift in Sources */ = {isa = PBXBuildFile; fileRef = 5B49888B296A94080000C17A /* CoreDataHandler.swift */; };
		5BB40F042969C55B001015CB /* CustomTableViewCell.swift in Sources */ = {isa = PBXBuildFile; fileRef = 5BB40F032969C55B001015CB /* CustomTableViewCell.swift */; };
		89C18735296C029D00BDBEEB /* Constants.swift in Sources */ = {isa = PBXBuildFile; fileRef = 89C18734296C029D00BDBEEB /* Constants.swift */; };
		89FA9FDA29682D270041DDCB /* AppDelegate.swift in Sources */ = {isa = PBXBuildFile; fileRef = 89FA9FD929682D270041DDCB /* AppDelegate.swift */; };
		89FA9FDC29682D270041DDCB /* SceneDelegate.swift in Sources */ = {isa = PBXBuildFile; fileRef = 89FA9FDB29682D270041DDCB /* SceneDelegate.swift */; };
		89FA9FDE29682D270041DDCB /* ViewController.swift in Sources */ = {isa = PBXBuildFile; fileRef = 89FA9FDD29682D270041DDCB /* ViewController.swift */; };
		89FA9FE129682D270041DDCB /* Main.storyboard in Resources */ = {isa = PBXBuildFile; fileRef = 89FA9FDF29682D270041DDCB /* Main.storyboard */; };
		89FA9FE429682D270041DDCB /* Task_18__6th_Jan_.xcdatamodeld in Sources */ = {isa = PBXBuildFile; fileRef = 89FA9FE229682D270041DDCB /* Task_18__6th_Jan_.xcdatamodeld */; };
		89FA9FE629682D280041DDCB /* Assets.xcassets in Resources */ = {isa = PBXBuildFile; fileRef = 89FA9FE529682D280041DDCB /* Assets.xcassets */; };
		89FA9FE929682D280041DDCB /* LaunchScreen.storyboard in Resources */ = {isa = PBXBuildFile; fileRef = 89FA9FE729682D280041DDCB /* LaunchScreen.storyboard */; };
/* End PBXBuildFile section */

/* Begin PBXFileReference section */
		5B405EAC29699388009F465F /* AuthKeysViewController.swift */ = {isa = PBXFileReference; lastKnownFileType = sourcecode.swift; path = AuthKeysViewController.swift; sourceTree = "<group>"; };
		5B498883296A920E0000C17A /* AuthModel+CoreDataClass.swift */ = {isa = PBXFileReference; lastKnownFileType = sourcecode.swift; path = "AuthModel+CoreDataClass.swift"; sourceTree = "<group>"; };
		5B498884296A920E0000C17A /* AuthModel+CoreDataProperties.swift */ = {isa = PBXFileReference; lastKnownFileType = sourcecode.swift; path = "AuthModel+CoreDataProperties.swift"; sourceTree = "<group>"; };
		5B498889296A937D0000C17A /* DBHandlerProtocol.swift */ = {isa = PBXFileReference; lastKnownFileType = sourcecode.swift; path = DBHandlerProtocol.swift; sourceTree = "<group>"; };
		5B49888B296A94080000C17A /* CoreDataHandler.swift */ = {isa = PBXFileReference; lastKnownFileType = sourcecode.swift; path = CoreDataHandler.swift; sourceTree = "<group>"; };
		5BB40F032969C55B001015CB /* CustomTableViewCell.swift */ = {isa = PBXFileReference; lastKnownFileType = sourcecode.swift; path = CustomTableViewCell.swift; sourceTree = "<group>"; };
		89C18734296C029D00BDBEEB /* Constants.swift */ = {isa = PBXFileReference; lastKnownFileType = sourcecode.swift; path = Constants.swift; sourceTree = "<group>"; };
		89FA9FD629682D270041DDCB /* Task 18 (6th Jan).app */ = {isa = PBXFileReference; explicitFileType = wrapper.application; includeInIndex = 0; path = "Task 18 (6th Jan).app"; sourceTree = BUILT_PRODUCTS_DIR; };
		89FA9FD929682D270041DDCB /* AppDelegate.swift */ = {isa = PBXFileReference; lastKnownFileType = sourcecode.swift; path = AppDelegate.swift; sourceTree = "<group>"; };
		89FA9FDB29682D270041DDCB /* SceneDelegate.swift */ = {isa = PBXFileReference; lastKnownFileType = sourcecode.swift; path = SceneDelegate.swift; sourceTree = "<group>"; };
		89FA9FDD29682D270041DDCB /* ViewController.swift */ = {isa = PBXFileReference; lastKnownFileType = sourcecode.swift; path = ViewController.swift; sourceTree = "<group>"; };
		89FA9FE029682D270041DDCB /* Base */ = {isa = PBXFileReference; lastKnownFileType = file.storyboard; name = Base; path = Base.lproj/Main.storyboard; sourceTree = "<group>"; };
		89FA9FE329682D270041DDCB /* Task_18__6th_Jan_.xcdatamodel */ = {isa = PBXFileReference; lastKnownFileType = wrapper.xcdatamodel; path = Task_18__6th_Jan_.xcdatamodel; sourceTree = "<group>"; };
		89FA9FE529682D280041DDCB /* Assets.xcassets */ = {isa = PBXFileReference; lastKnownFileType = folder.assetcatalog; path = Assets.xcassets; sourceTree = "<group>"; };
		89FA9FE829682D280041DDCB /* Base */ = {isa = PBXFileReference; lastKnownFileType = file.storyboard; name = Base; path = Base.lproj/LaunchScreen.storyboard; sourceTree = "<group>"; };
		89FA9FEA29682D280041DDCB /* Info.plist */ = {isa = PBXFileReference; lastKnownFileType = text.plist.xml; path = Info.plist; sourceTree = "<group>"; };
/* End PBXFileReference section */

/* Begin PBXFrameworksBuildPhase section */
		89FA9FD329682D270041DDCB /* Frameworks */ = {
			isa = PBXFrameworksBuildPhase;
			buildActionMask = 2147483647;
			files = (
			);
			runOnlyForDeploymentPostprocessing = 0;
		};
/* End PBXFrameworksBuildPhase section */

/* Begin PBXGroup section */
		5B405EAE296993A7009F465F /* Controllers */ = {
			isa = PBXGroup;
			children = (
				5B405EAC29699388009F465F /* AuthKeysViewController.swift */,
				89FA9FDD29682D270041DDCB /* ViewController.swift */,
			);
			path = Controllers;
			sourceTree = "<group>";
		};
		5B498887296A92350000C17A /* Model */ = {
			isa = PBXGroup;
			children = (
				5B498883296A920E0000C17A /* AuthModel+CoreDataClass.swift */,
				5B498884296A920E0000C17A /* AuthModel+CoreDataProperties.swift */,
			);
			path = Model;
			sourceTree = "<group>";
		};
		5B498888296A93510000C17A /* DBHandlers */ = {
			isa = PBXGroup;
			children = (
				5B498889296A937D0000C17A /* DBHandlerProtocol.swift */,
				5B49888B296A94080000C17A /* CoreDataHandler.swift */,
			);
			path = DBHandlers;
			sourceTree = "<group>";
		};
		5BB40F022969C539001015CB /* Components */ = {
			isa = PBXGroup;
			children = (
				5BB40F032969C55B001015CB /* CustomTableViewCell.swift */,
			);
			path = Components;
			sourceTree = "<group>";
		};
		89C18733296C028100BDBEEB /* Utils */ = {
			isa = PBXGroup;
			children = (
				89C18734296C029D00BDBEEB /* Constants.swift */,
			);
			path = Utils;
			sourceTree = "<group>";
		};
		89FA9FCD29682D270041DDCB = {
			isa = PBXGroup;
			children = (
				89FA9FD829682D270041DDCB /* Task 18 (6th Jan) */,
				89FA9FD729682D270041DDCB /* Products */,
			);
			sourceTree = "<group>";
		};
		89FA9FD729682D270041DDCB /* Products */ = {
			isa = PBXGroup;
			children = (
				89FA9FD629682D270041DDCB /* Task 18 (6th Jan).app */,
			);
			name = Products;
			sourceTree = "<group>";
		};
		89FA9FD829682D270041DDCB /* Task 18 (6th Jan) */ = {
			isa = PBXGroup;
			children = (
				89FA9FD929682D270041DDCB /* AppDelegate.swift */,
				89FA9FDB29682D270041DDCB /* SceneDelegate.swift */,
				5BB40F022969C539001015CB /* Components */,
				5B405EAE296993A7009F465F /* Controllers */,
				5B498888296A93510000C17A /* DBHandlers */,
				5B498887296A92350000C17A /* Model */,
				89C18733296C028100BDBEEB /* Utils */,
				89FA9FDF29682D270041DDCB /* Main.storyboard */,
				89FA9FE529682D280041DDCB /* Assets.xcassets */,
				89FA9FE729682D280041DDCB /* LaunchScreen.storyboard */,
				89FA9FEA29682D280041DDCB /* Info.plist */,
				89FA9FE229682D270041DDCB /* Task_18__6th_Jan_.xcdatamodeld */,
			);
			path = "Task 18 (6th Jan)";
			sourceTree = "<group>";
		};
/* End PBXGroup section */

/* Begin PBXNativeTarget section */
		89FA9FD529682D270041DDCB /* Task 18 (6th Jan) */ = {
			isa = PBXNativeTarget;
			buildConfigurationList = 89FA9FED29682D280041DDCB /* Build configuration list for PBXNativeTarget "Task 18 (6th Jan)" */;
			buildPhases = (
				89FA9FD229682D270041DDCB /* Sources */,
				89FA9FD329682D270041DDCB /* Frameworks */,
				89FA9FD429682D270041DDCB /* Resources */,
			);
			buildRules = (
			);
			dependencies = (
			);
			name = "Task 18 (6th Jan)";
			productName = "Task 18 (6th Jan)";
			productReference = 89FA9FD629682D270041DDCB /* Task 18 (6th Jan).app */;
			productType = "com.apple.product-type.application";
		};
/* End PBXNativeTarget section */

/* Begin PBXProject section */
		89FA9FCE29682D270041DDCB /* Project object */ = {
			isa = PBXProject;
			attributes = {
				BuildIndependentTargetsInParallel = 1;
				LastSwiftUpdateCheck = 1420;
				LastUpgradeCheck = 1420;
				TargetAttributes = {
					89FA9FD529682D270041DDCB = {
						CreatedOnToolsVersion = 14.2;
					};
				};
			};
			buildConfigurationList = 89FA9FD129682D270041DDCB /* Build configuration list for PBXProject "Task 18 (6th Jan)" */;
			compatibilityVersion = "Xcode 14.0";
			developmentRegion = en;
			hasScannedForEncodings = 0;
			knownRegions = (
				en,
				Base,
			);
			mainGroup = 89FA9FCD29682D270041DDCB;
			productRefGroup = 89FA9FD729682D270041DDCB /* Products */;
			projectDirPath = "";
			projectRoot = "";
			targets = (
				89FA9FD529682D270041DDCB /* Task 18 (6th Jan) */,
			);
		};
/* End PBXProject section */

/* Begin PBXResourcesBuildPhase section */
		89FA9FD429682D270041DDCB /* Resources */ = {
			isa = PBXResourcesBuildPhase;
			buildActionMask = 2147483647;
			files = (
				89FA9FE929682D280041DDCB /* LaunchScreen.storyboard in Resources */,
				89FA9FE629682D280041DDCB /* Assets.xcassets in Resources */,
				89FA9FE129682D270041DDCB /* Main.storyboard in Resources */,
			);
			runOnlyForDeploymentPostprocessing = 0;
		};
/* End PBXResourcesBuildPhase section */

/* Begin PBXSourcesBuildPhase section */
		89FA9FD229682D270041DDCB /* Sources */ = {
			isa = PBXSourcesBuildPhase;
			buildActionMask = 2147483647;
			files = (
				5BB40F042969C55B001015CB /* CustomTableViewCell.swift in Sources */,
				89C18735296C029D00BDBEEB /* Constants.swift in Sources */,
				5B49888C296A94080000C17A /* CoreDataHandler.swift in Sources */,
				5B498885296A920E0000C17A /* AuthModel+CoreDataClass.swift in Sources */,
				5B405EAD29699388009F465F /* AuthKeysViewController.swift in Sources */,
				5B49888A296A937D0000C17A /* DBHandlerProtocol.swift in Sources */,
				89FA9FE429682D270041DDCB /* Task_18__6th_Jan_.xcdatamodeld in Sources */,
				89FA9FDE29682D270041DDCB /* ViewController.swift in Sources */,
				89FA9FDA29682D270041DDCB /* AppDelegate.swift in Sources */,
				89FA9FDC29682D270041DDCB /* SceneDelegate.swift in Sources */,
				5B498886296A920E0000C17A /* AuthModel+CoreDataProperties.swift in Sources */,
			);
			runOnlyForDeploymentPostprocessing = 0;
		};
/* End PBXSourcesBuildPhase section */

/* Begin PBXVariantGroup section */
		89FA9FDF29682D270041DDCB /* Main.storyboard */ = {
			isa = PBXVariantGroup;
			children = (
				89FA9FE029682D270041DDCB /* Base */,
			);
			name = Main.storyboard;
			sourceTree = "<group>";
		};
		89FA9FE729682D280041DDCB /* LaunchScreen.storyboard */ = {
			isa = PBXVariantGroup;
			children = (
				89FA9FE829682D280041DDCB /* Base */,
			);
			name = LaunchScreen.storyboard;
			sourceTree = "<group>";
		};
/* End PBXVariantGroup section */

/* Begin XCBuildConfiguration section */
		89FA9FEB29682D280041DDCB /* Debug */ = {
			isa = XCBuildConfiguration;
			buildSettings = {
				ALWAYS_SEARCH_USER_PATHS = NO;
				CLANG_ANALYZER_NONNULL = YES;
				CLANG_ANALYZER_NUMBER_OBJECT_CONVERSION = YES_AGGRESSIVE;
				CLANG_CXX_LANGUAGE_STANDARD = "gnu++20";
				CLANG_ENABLE_MODULES = YES;
				CLANG_ENABLE_OBJC_ARC = YES;
				CLANG_ENABLE_OBJC_WEAK = YES;
				CLANG_WARN_BLOCK_CAPTURE_AUTORELEASING = YES;
				CLANG_WARN_BOOL_CONVERSION = YES;
				CLANG_WARN_COMMA = YES;
				CLANG_WARN_CONSTANT_CONVERSION = YES;
				CLANG_WARN_DEPRECATED_OBJC_IMPLEMENTATIONS = YES;
				CLANG_WARN_DIRECT_OBJC_ISA_USAGE = YES_ERROR;
				CLANG_WARN_DOCUMENTATION_COMMENTS = YES;
				CLANG_WARN_EMPTY_BODY = YES;
				CLANG_WARN_ENUM_CONVERSION = YES;
				CLANG_WARN_INFINITE_RECURSION = YES;
				CLANG_WARN_INT_CONVERSION = YES;
				CLANG_WARN_NON_LITERAL_NULL_CONVERSION = YES;
				CLANG_WARN_OBJC_IMPLICIT_RETAIN_SELF = YES;
				CLANG_WARN_OBJC_LITERAL_CONVERSION = YES;
				CLANG_WARN_OBJC_ROOT_CLASS = YES_ERROR;
				CLANG_WARN_QUOTED_INCLUDE_IN_FRAMEWORK_HEADER = YES;
				CLANG_WARN_RANGE_LOOP_ANALYSIS = YES;
				CLANG_WARN_STRICT_PROTOTYPES = YES;
				CLANG_WARN_SUSPICIOUS_MOVE = YES;
				CLANG_WARN_UNGUARDED_AVAILABILITY = YES_AGGRESSIVE;
				CLANG_WARN_UNREACHABLE_CODE = YES;
				CLANG_WARN__DUPLICATE_METHOD_MATCH = YES;
				COPY_PHASE_STRIP = NO;
				DEBUG_INFORMATION_FORMAT = dwarf;
				ENABLE_STRICT_OBJC_MSGSEND = YES;
				ENABLE_TESTABILITY = YES;
				GCC_C_LANGUAGE_STANDARD = gnu11;
				GCC_DYNAMIC_NO_PIC = NO;
				GCC_NO_COMMON_BLOCKS = YES;
				GCC_OPTIMIZATION_LEVEL = 0;
				GCC_PREPROCESSOR_DEFINITIONS = (
					"DEBUG=1",
					"$(inherited)",
				);
				GCC_WARN_64_TO_32_BIT_CONVERSION = YES;
				GCC_WARN_ABOUT_RETURN_TYPE = YES_ERROR;
				GCC_WARN_UNDECLARED_SELECTOR = YES;
				GCC_WARN_UNINITIALIZED_AUTOS = YES_AGGRESSIVE;
				GCC_WARN_UNUSED_FUNCTION = YES;
				GCC_WARN_UNUSED_VARIABLE = YES;
				IPHONEOS_DEPLOYMENT_TARGET = 16.2;
				MTL_ENABLE_DEBUG_INFO = INCLUDE_SOURCE;
				MTL_FAST_MATH = YES;
				ONLY_ACTIVE_ARCH = YES;
				SDKROOT = iphoneos;
				SWIFT_ACTIVE_COMPILATION_CONDITIONS = DEBUG;
				SWIFT_OPTIMIZATION_LEVEL = "-Onone";
			};
			name = Debug;
		};
		89FA9FEC29682D280041DDCB /* Release */ = {
			isa = XCBuildConfiguration;
			buildSettings = {
				ALWAYS_SEARCH_USER_PATHS = NO;
				CLANG_ANALYZER_NONNULL = YES;
				CLANG_ANALYZER_NUMBER_OBJECT_CONVERSION = YES_AGGRESSIVE;
				CLANG_CXX_LANGUAGE_STANDARD = "gnu++20";
				CLANG_ENABLE_MODULES = YES;
				CLANG_ENABLE_OBJC_ARC = YES;
				CLANG_ENABLE_OBJC_WEAK = YES;
				CLANG_WARN_BLOCK_CAPTURE_AUTORELEASING = YES;
				CLANG_WARN_BOOL_CONVERSION = YES;
				CLANG_WARN_COMMA = YES;
				CLANG_WARN_CONSTANT_CONVERSION = YES;
				CLANG_WARN_DEPRECATED_OBJC_IMPLEMENTATIONS = YES;
				CLANG_WARN_DIRECT_OBJC_ISA_USAGE = YES_ERROR;
				CLANG_WARN_DOCUMENTATION_COMMENTS = YES;
				CLANG_WARN_EMPTY_BODY = YES;
				CLANG_WARN_ENUM_CONVERSION = YES;
				CLANG_WARN_INFINITE_RECURSION = YES;
				CLANG_WARN_INT_CONVERSION = YES;
				CLANG_WARN_NON_LITERAL_NULL_CONVERSION = YES;
				CLANG_WARN_OBJC_IMPLICIT_RETAIN_SELF = YES;
				CLANG_WARN_OBJC_LITERAL_CONVERSION = YES;
				CLANG_WARN_OBJC_ROOT_CLASS = YES_ERROR;
				CLANG_WARN_QUOTED_INCLUDE_IN_FRAMEWORK_HEADER = YES;
				CLANG_WARN_RANGE_LOOP_ANALYSIS = YES;
				CLANG_WARN_STRICT_PROTOTYPES = YES;
				CLANG_WARN_SUSPICIOUS_MOVE = YES;
				CLANG_WARN_UNGUARDED_AVAILABILITY = YES_AGGRESSIVE;
				CLANG_WARN_UNREACHABLE_CODE = YES;
				CLANG_WARN__DUPLICATE_METHOD_MATCH = YES;
				COPY_PHASE_STRIP = NO;
				DEBUG_INFORMATION_FORMAT = "dwarf-with-dsym";
				ENABLE_NS_ASSERTIONS = NO;
				ENABLE_STRICT_OBJC_MSGSEND = YES;
				GCC_C_LANGUAGE_STANDARD = gnu11;
				GCC_NO_COMMON_BLOCKS = YES;
				GCC_WARN_64_TO_32_BIT_CONVERSION = YES;
				GCC_WARN_ABOUT_RETURN_TYPE = YES_ERROR;
				GCC_WARN_UNDECLARED_SELECTOR = YES;
				GCC_WARN_UNINITIALIZED_AUTOS = YES_AGGRESSIVE;
				GCC_WARN_UNUSED_FUNCTION = YES;
				GCC_WARN_UNUSED_VARIABLE = YES;
				IPHONEOS_DEPLOYMENT_TARGET = 16.2;
				MTL_ENABLE_DEBUG_INFO = NO;
				MTL_FAST_MATH = YES;
				SDKROOT = iphoneos;
				SWIFT_COMPILATION_MODE = wholemodule;
				SWIFT_OPTIMIZATION_LEVEL = "-O";
				VALIDATE_PRODUCT = YES;
			};
			name = Release;
		};
		89FA9FEE29682D280041DDCB /* Debug */ = {
			isa = XCBuildConfiguration;
			buildSettings = {
				ASSETCATALOG_COMPILER_APPICON_NAME = AppIcon;
				ASSETCATALOG_COMPILER_GLOBAL_ACCENT_COLOR_NAME = AccentColor;
				CODE_SIGN_STYLE = Automatic;
				CURRENT_PROJECT_VERSION = 1;
				GENERATE_INFOPLIST_FILE = YES;
				INFOPLIST_FILE = "Task 18 (6th Jan)/Info.plist";
				INFOPLIST_KEY_UIApplicationSupportsIndirectInputEvents = YES;
				INFOPLIST_KEY_UILaunchStoryboardName = LaunchScreen;
				INFOPLIST_KEY_UIMainStoryboardFile = Main;
				INFOPLIST_KEY_UISupportedInterfaceOrientations_iPad = "UIInterfaceOrientationPortrait UIInterfaceOrientationPortraitUpsideDown UIInterfaceOrientationLandscapeLeft UIInterfaceOrientationLandscapeRight";
				INFOPLIST_KEY_UISupportedInterfaceOrientations_iPhone = "UIInterfaceOrientationPortrait UIInterfaceOrientationLandscapeLeft UIInterfaceOrientationLandscapeRight";
				LD_RUNPATH_SEARCH_PATHS = (
					"$(inherited)",
					"@executable_path/Frameworks",
				);
				MARKETING_VERSION = 1.0;
				PRODUCT_BUNDLE_IDENTIFIER = "com.new.demo.Task-18--6th-Jan-";
				PRODUCT_NAME = "$(TARGET_NAME)";
				SWIFT_EMIT_LOC_STRINGS = YES;
				SWIFT_VERSION = 5.0;
				TARGETED_DEVICE_FAMILY = "1,2";
			};
			name = Debug;
		};
		89FA9FEF29682D280041DDCB /* Release */ = {
			isa = XCBuildConfiguration;
			buildSettings = {
				ASSETCATALOG_COMPILER_APPICON_NAME = AppIcon;
				ASSETCATALOG_COMPILER_GLOBAL_ACCENT_COLOR_NAME = AccentColor;
				CODE_SIGN_STYLE = Automatic;
				CURRENT_PROJECT_VERSION = 1;
				GENERATE_INFOPLIST_FILE = YES;
				INFOPLIST_FILE = "Task 18 (6th Jan)/Info.plist";
				INFOPLIST_KEY_UIApplicationSupportsIndirectInputEvents = YES;
				INFOPLIST_KEY_UILaunchStoryboardName = LaunchScreen;
				INFOPLIST_KEY_UIMainStoryboardFile = Main;
				INFOPLIST_KEY_UISupportedInterfaceOrientations_iPad = "UIInterfaceOrientationPortrait UIInterfaceOrientationPortraitUpsideDown UIInterfaceOrientationLandscapeLeft UIInterfaceOrientationLandscapeRight";
				INFOPLIST_KEY_UISupportedInterfaceOrientations_iPhone = "UIInterfaceOrientationPortrait UIInterfaceOrientationLandscapeLeft UIInterfaceOrientationLandscapeRight";
				LD_RUNPATH_SEARCH_PATHS = (
					"$(inherited)",
					"@executable_path/Frameworks",
				);
				MARKETING_VERSION = 1.0;
				PRODUCT_BUNDLE_IDENTIFIER = "com.new.demo.Task-18--6th-Jan-";
				PRODUCT_NAME = "$(TARGET_NAME)";
				SWIFT_EMIT_LOC_STRINGS = YES;
				SWIFT_VERSION = 5.0;
				TARGETED_DEVICE_FAMILY = "1,2";
			};
			name = Release;
		};
/* End XCBuildConfiguration section */

/* Begin XCConfigurationList section */
		89FA9FD129682D270041DDCB /* Build configuration list for PBXProject "Task 18 (6th Jan)" */ = {
			isa = XCConfigurationList;
			buildConfigurations = (
				89FA9FEB29682D280041DDCB /* Debug */,
				89FA9FEC29682D280041DDCB /* Release */,
			);
			defaultConfigurationIsVisible = 0;
			defaultConfigurationName = Release;
		};
		89FA9FED29682D280041DDCB /* Build configuration list for PBXNativeTarget "Task 18 (6th Jan)" */ = {
			isa = XCConfigurationList;
			buildConfigurations = (
				89FA9FEE29682D280041DDCB /* Debug */,
				89FA9FEF29682D280041DDCB /* Release */,
			);
			defaultConfigurationIsVisible = 0;
			defaultConfigurationName = Release;
		};
/* End XCConfigurationList section */

/* Begin XCVersionGroup section */
		89FA9FE229682D270041DDCB /* Task_18__6th_Jan_.xcdatamodeld */ = {
			isa = XCVersionGroup;
			children = (
				89FA9FE329682D270041DDCB /* Task_18__6th_Jan_.xcdatamodel */,
			);
			currentVersion = 89FA9FE329682D270041DDCB /* Task_18__6th_Jan_.xcdatamodel */;
			path = Task_18__6th_Jan_.xcdatamodeld;
			sourceTree = "<group>";
			versionGroupType = wrapper.xcdatamodel;
		};
/* End XCVersionGroup section */
	};
	rootObject = 89FA9FCE29682D270041DDCB /* Project object */;
}
